// !$*UTF8*$!
{
	archiveVersion = 1;
	classes = {
	};
	objectVersion = 56;
	objects = {

/* Begin PBXBuildFile section */
		0407C3A52A59A0D200C15AC6 /* InitialPlaces.swift in Sources */ = {isa = PBXBuildFile; fileRef = 0407C3A42A59A0D200C15AC6 /* InitialPlaces.swift */; };
		0438D1122A59C81100D16FF9 /* CustomTableViewCell.swift in Sources */ = {isa = PBXBuildFile; fileRef = 0438D1112A59C81100D16FF9 /* CustomTableViewCell.swift */; };
		04546FEA2A5C0606001A2CD9 /* NewPlaceViewController.swift in Sources */ = {isa = PBXBuildFile; fileRef = 04546FE92A5C0606001A2CD9 /* NewPlaceViewController.swift */; };
		047EC66F2A57595F005C7B28 /* AppDelegate.swift in Sources */ = {isa = PBXBuildFile; fileRef = 047EC66E2A57595F005C7B28 /* AppDelegate.swift */; };
		047EC6712A57595F005C7B28 /* SceneDelegate.swift in Sources */ = {isa = PBXBuildFile; fileRef = 047EC6702A57595F005C7B28 /* SceneDelegate.swift */; };
		047EC6762A57595F005C7B28 /* Main.storyboard in Resources */ = {isa = PBXBuildFile; fileRef = 047EC6742A57595F005C7B28 /* Main.storyboard */; };
		047EC6782A575961005C7B28 /* Assets.xcassets in Resources */ = {isa = PBXBuildFile; fileRef = 047EC6772A575961005C7B28 /* Assets.xcassets */; };
		047EC67B2A575961005C7B28 /* LaunchScreen.storyboard in Resources */ = {isa = PBXBuildFile; fileRef = 047EC6792A575961005C7B28 /* LaunchScreen.storyboard */; };
		04C6AE822A598FEA0060293F /* SnapKit in Frameworks */ = {isa = PBXBuildFile; productRef = 04C6AE812A598FEA0060293F /* SnapKit */; };
		04C6AE842A5995850060293F /* PlaceModel.swift in Sources */ = {isa = PBXBuildFile; fileRef = 04C6AE832A5995850060293F /* PlaceModel.swift */; };
		04EC54BE2A5811BE00083DA7 /* MainViewController.swift in Sources */ = {isa = PBXBuildFile; fileRef = 04EC54BD2A5811BE00083DA7 /* MainViewController.swift */; };
/* End PBXBuildFile section */

/* Begin PBXFileReference section */
		0407C3A42A59A0D200C15AC6 /* InitialPlaces.swift */ = {isa = PBXFileReference; lastKnownFileType = sourcecode.swift; path = InitialPlaces.swift; sourceTree = "<group>"; };
		0438D1112A59C81100D16FF9 /* CustomTableViewCell.swift */ = {isa = PBXFileReference; lastKnownFileType = sourcecode.swift; path = CustomTableViewCell.swift; sourceTree = "<group>"; };
		04546FE92A5C0606001A2CD9 /* NewPlaceViewController.swift */ = {isa = PBXFileReference; lastKnownFileType = sourcecode.swift; path = NewPlaceViewController.swift; sourceTree = "<group>"; };
		047EC66B2A57595F005C7B28 /* MyPlaces.app */ = {isa = PBXFileReference; explicitFileType = wrapper.application; includeInIndex = 0; path = MyPlaces.app; sourceTree = BUILT_PRODUCTS_DIR; };
		047EC66E2A57595F005C7B28 /* AppDelegate.swift */ = {isa = PBXFileReference; lastKnownFileType = sourcecode.swift; path = AppDelegate.swift; sourceTree = "<group>"; };
		047EC6702A57595F005C7B28 /* SceneDelegate.swift */ = {isa = PBXFileReference; lastKnownFileType = sourcecode.swift; path = SceneDelegate.swift; sourceTree = "<group>"; };
		047EC6752A57595F005C7B28 /* Base */ = {isa = PBXFileReference; lastKnownFileType = file.storyboard; name = Base; path = Base.lproj/Main.storyboard; sourceTree = "<group>"; };
		047EC6772A575961005C7B28 /* Assets.xcassets */ = {isa = PBXFileReference; lastKnownFileType = folder.assetcatalog; path = Assets.xcassets; sourceTree = "<group>"; };
		047EC67A2A575961005C7B28 /* Base */ = {isa = PBXFileReference; lastKnownFileType = file.storyboard; name = Base; path = Base.lproj/LaunchScreen.storyboard; sourceTree = "<group>"; };
		047EC67C2A575961005C7B28 /* Info.plist */ = {isa = PBXFileReference; lastKnownFileType = text.plist.xml; path = Info.plist; sourceTree = "<group>"; };
		04C6AE832A5995850060293F /* PlaceModel.swift */ = {isa = PBXFileReference; lastKnownFileType = sourcecode.swift; path = PlaceModel.swift; sourceTree = "<group>"; };
		04EC54BD2A5811BE00083DA7 /* MainViewController.swift */ = {isa = PBXFileReference; lastKnownFileType = sourcecode.swift; path = MainViewController.swift; sourceTree = "<group>"; };
/* End PBXFileReference section */

/* Begin PBXFrameworksBuildPhase section */
		047EC6682A57595F005C7B28 /* Frameworks */ = {
			isa = PBXFrameworksBuildPhase;
			buildActionMask = 2147483647;
			files = (
				04C6AE822A598FEA0060293F /* SnapKit in Frameworks */,
			);
			runOnlyForDeploymentPostprocessing = 0;
		};
/* End PBXFrameworksBuildPhase section */

/* Begin PBXGroup section */
		0407C3A62A59A2E300C15AC6 /* Cell */ = {
			isa = PBXGroup;
			children = (
				0438D1112A59C81100D16FF9 /* CustomTableViewCell.swift */,
			);
			path = Cell;
			sourceTree = "<group>";
		};
		047EC6622A57595F005C7B28 = {
			isa = PBXGroup;
			children = (
				047EC66D2A57595F005C7B28 /* MyPlaces */,
				047EC66C2A57595F005C7B28 /* Products */,
			);
			sourceTree = "<group>";
		};
		047EC66C2A57595F005C7B28 /* Products */ = {
			isa = PBXGroup;
			children = (
				047EC66B2A57595F005C7B28 /* MyPlaces.app */,
			);
			name = Products;
			sourceTree = "<group>";
		};
		047EC66D2A57595F005C7B28 /* MyPlaces */ = {
			isa = PBXGroup;
			children = (
				047EC66E2A57595F005C7B28 /* AppDelegate.swift */,
				047EC6702A57595F005C7B28 /* SceneDelegate.swift */,
				04C6AE852A5995890060293F /* Model */,
				04C6AE7B2A598E980060293F /* View */,
				047EC6742A57595F005C7B28 /* Main.storyboard */,
				04C6AE792A598E700060293F /* Controllers */,
				047EC6772A575961005C7B28 /* Assets.xcassets */,
				047EC6792A575961005C7B28 /* LaunchScreen.storyboard */,
				047EC67C2A575961005C7B28 /* Info.plist */,
			);
			path = MyPlaces;
			sourceTree = "<group>";
		};
		04C6AE792A598E700060293F /* Controllers */ = {
			isa = PBXGroup;
			children = (
				04EC54BD2A5811BE00083DA7 /* MainViewController.swift */,
				04546FE92A5C0606001A2CD9 /* NewPlaceViewController.swift */,
			);
			path = Controllers;
			sourceTree = "<group>";
		};
		04C6AE7B2A598E980060293F /* View */ = {
			isa = PBXGroup;
			children = (
				0407C3A62A59A2E300C15AC6 /* Cell */,
			);
			path = View;
			sourceTree = "<group>";
		};
		04C6AE852A5995890060293F /* Model */ = {
			isa = PBXGroup;
			children = (
				04C6AE832A5995850060293F /* PlaceModel.swift */,
				0407C3A42A59A0D200C15AC6 /* InitialPlaces.swift */,
			);
			path = Model;
			sourceTree = "<group>";
		};
/* End PBXGroup section */

/* Begin PBXNativeTarget section */
		047EC66A2A57595F005C7B28 /* MyPlaces */ = {
			isa = PBXNativeTarget;
			buildConfigurationList = 047EC67F2A575961005C7B28 /* Build configuration list for PBXNativeTarget "MyPlaces" */;
			buildPhases = (
				047EC6672A57595F005C7B28 /* Sources */,
				047EC6682A57595F005C7B28 /* Frameworks */,
				047EC6692A57595F005C7B28 /* Resources */,
			);
			buildRules = (
			);
			dependencies = (
			);
			name = MyPlaces;
			packageProductDependencies = (
				04C6AE812A598FEA0060293F /* SnapKit */,
			);
			productName = MyPlaces;
			productReference = 047EC66B2A57595F005C7B28 /* MyPlaces.app */;
			productType = "com.apple.product-type.application";
		};
/* End PBXNativeTarget section */

/* Begin PBXProject section */
		047EC6632A57595F005C7B28 /* Project object */ = {
			isa = PBXProject;
			attributes = {
				BuildIndependentTargetsInParallel = 1;
				LastSwiftUpdateCheck = 1420;
				LastUpgradeCheck = 1420;
				TargetAttributes = {
					047EC66A2A57595F005C7B28 = {
						CreatedOnToolsVersion = 14.2;
					};
				};
			};
			buildConfigurationList = 047EC6662A57595F005C7B28 /* Build configuration list for PBXProject "MyPlaces" */;
			compatibilityVersion = "Xcode 14.0";
			developmentRegion = en;
			hasScannedForEncodings = 0;
			knownRegions = (
				en,
				Base,
			);
			mainGroup = 047EC6622A57595F005C7B28;
			packageReferences = (
				04C6AE802A598FEA0060293F /* XCRemoteSwiftPackageReference "SnapKit" */,
			);
			productRefGroup = 047EC66C2A57595F005C7B28 /* Products */;
			projectDirPath = "";
			projectRoot = "";
			targets = (
				047EC66A2A57595F005C7B28 /* MyPlaces */,
			);
		};
/* End PBXProject section */

/* Begin PBXResourcesBuildPhase section */
		047EC6692A57595F005C7B28 /* Resources */ = {
			isa = PBXResourcesBuildPhase;
			buildActionMask = 2147483647;
			files = (
				047EC67B2A575961005C7B28 /* LaunchScreen.storyboard in Resources */,
				047EC6782A575961005C7B28 /* Assets.xcassets in Resources */,
				047EC6762A57595F005C7B28 /* Main.storyboard in Resources */,
			);
			runOnlyForDeploymentPostprocessing = 0;
		};
/* End PBXResourcesBuildPhase section */

/* Begin PBXSourcesBuildPhase section */
		047EC6672A57595F005C7B28 /* Sources */ = {
			isa = PBXSourcesBuildPhase;
			buildActionMask = 2147483647;
			files = (
				04EC54BE2A5811BE00083DA7 /* MainViewController.swift in Sources */,
				047EC66F2A57595F005C7B28 /* AppDelegate.swift in Sources */,
				047EC6712A57595F005C7B28 /* SceneDelegate.swift in Sources */,
				0438D1122A59C81100D16FF9 /* CustomTableViewCell.swift in Sources */,
				04546FEA2A5C0606001A2CD9 /* NewPlaceViewController.swift in Sources */,
				0407C3A52A59A0D200C15AC6 /* InitialPlaces.swift in Sources */,
				04C6AE842A5995850060293F /* PlaceModel.swift in Sources */,
			);
			runOnlyForDeploymentPostprocessing = 0;
		};
/* End PBXSourcesBuildPhase section */

/* Begin PBXVariantGroup section */
		047EC6742A57595F005C7B28 /* Main.storyboard */ = {
			isa = PBXVariantGroup;
			children = (
				047EC6752A57595F005C7B28 /* Base */,
			);
			name = Main.storyboard;
			sourceTree = "<group>";
		};
		047EC6792A575961005C7B28 /* LaunchScreen.storyboard */ = {
			isa = PBXVariantGroup;
			children = (
				047EC67A2A575961005C7B28 /* Base */,
			);
			name = LaunchScreen.storyboard;
			sourceTree = "<group>";
		};
/* End PBXVariantGroup section */

/* Begin XCBuildConfiguration section */
		047EC67D2A575961005C7B28 /* Debug */ = {
			isa = XCBuildConfiguration;
			buildSettings = {
				ALWAYS_SEARCH_USER_PATHS = NO;
				CLANG_ANALYZER_NONNULL = YES;
				CLANG_ANALYZER_NUMBER_OBJECT_CONVERSION = YES_AGGRESSIVE;
				CLANG_CXX_LANGUAGE_STANDARD = "gnu++20";
				CLANG_ENABLE_MODULES = YES;
				CLANG_ENABLE_OBJC_ARC = YES;
				CLANG_ENABLE_OBJC_WEAK = YES;
				CLANG_WARN_BLOCK_CAPTURE_AUTORELEASING = YES;
				CLANG_WARN_BOOL_CONVERSION = YES;
				CLANG_WARN_COMMA = YES;
				CLANG_WARN_CONSTANT_CONVERSION = YES;
				CLANG_WARN_DEPRECATED_OBJC_IMPLEMENTATIONS = YES;
				CLANG_WARN_DIRECT_OBJC_ISA_USAGE = YES_ERROR;
				CLANG_WARN_DOCUMENTATION_COMMENTS = YES;
				CLANG_WARN_EMPTY_BODY = YES;
				CLANG_WARN_ENUM_CONVERSION = YES;
				CLANG_WARN_INFINITE_RECURSION = YES;
				CLANG_WARN_INT_CONVERSION = YES;
				CLANG_WARN_NON_LITERAL_NULL_CONVERSION = YES;
				CLANG_WARN_OBJC_IMPLICIT_RETAIN_SELF = YES;
				CLANG_WARN_OBJC_LITERAL_CONVERSION = YES;
				CLANG_WARN_OBJC_ROOT_CLASS = YES_ERROR;
				CLANG_WARN_QUOTED_INCLUDE_IN_FRAMEWORK_HEADER = YES;
				CLANG_WARN_RANGE_LOOP_ANALYSIS = YES;
				CLANG_WARN_STRICT_PROTOTYPES = YES;
				CLANG_WARN_SUSPICIOUS_MOVE = YES;
				CLANG_WARN_UNGUARDED_AVAILABILITY = YES_AGGRESSIVE;
				CLANG_WARN_UNREACHABLE_CODE = YES;
				CLANG_WARN__DUPLICATE_METHOD_MATCH = YES;
				COPY_PHASE_STRIP = NO;
				DEBUG_INFORMATION_FORMAT = dwarf;
				ENABLE_STRICT_OBJC_MSGSEND = YES;
				ENABLE_TESTABILITY = YES;
				GCC_C_LANGUAGE_STANDARD = gnu11;
				GCC_DYNAMIC_NO_PIC = NO;
				GCC_NO_COMMON_BLOCKS = YES;
				GCC_OPTIMIZATION_LEVEL = 0;
				GCC_PREPROCESSOR_DEFINITIONS = (
					"DEBUG=1",
					"$(inherited)",
				);
				GCC_WARN_64_TO_32_BIT_CONVERSION = YES;
				GCC_WARN_ABOUT_RETURN_TYPE = YES_ERROR;
				GCC_WARN_UNDECLARED_SELECTOR = YES;
				GCC_WARN_UNINITIALIZED_AUTOS = YES_AGGRESSIVE;
				GCC_WARN_UNUSED_FUNCTION = YES;
				GCC_WARN_UNUSED_VARIABLE = YES;
				IPHONEOS_DEPLOYMENT_TARGET = 16.2;
				MTL_ENABLE_DEBUG_INFO = INCLUDE_SOURCE;
				MTL_FAST_MATH = YES;
				ONLY_ACTIVE_ARCH = YES;
				SDKROOT = iphoneos;
				SWIFT_ACTIVE_COMPILATION_CONDITIONS = DEBUG;
				SWIFT_OPTIMIZATION_LEVEL = "-Onone";
			};
			name = Debug;
		};
		047EC67E2A575961005C7B28 /* Release */ = {
			isa = XCBuildConfiguration;
			buildSettings = {
				ALWAYS_SEARCH_USER_PATHS = NO;
				CLANG_ANALYZER_NONNULL = YES;
				CLANG_ANALYZER_NUMBER_OBJECT_CONVERSION = YES_AGGRESSIVE;
				CLANG_CXX_LANGUAGE_STANDARD = "gnu++20";
				CLANG_ENABLE_MODULES = YES;
				CLANG_ENABLE_OBJC_ARC = YES;
				CLANG_ENABLE_OBJC_WEAK = YES;
				CLANG_WARN_BLOCK_CAPTURE_AUTORELEASING = YES;
				CLANG_WARN_BOOL_CONVERSION = YES;
				CLANG_WARN_COMMA = YES;
				CLANG_WARN_CONSTANT_CONVERSION = YES;
				CLANG_WARN_DEPRECATED_OBJC_IMPLEMENTATIONS = YES;
				CLANG_WARN_DIRECT_OBJC_ISA_USAGE = YES_ERROR;
				CLANG_WARN_DOCUMENTATION_COMMENTS = YES;
				CLANG_WARN_EMPTY_BODY = YES;
				CLANG_WARN_ENUM_CONVERSION = YES;
				CLANG_WARN_INFINITE_RECURSION = YES;
				CLANG_WARN_INT_CONVERSION = YES;
				CLANG_WARN_NON_LITERAL_NULL_CONVERSION = YES;
				CLANG_WARN_OBJC_IMPLICIT_RETAIN_SELF = YES;
				CLANG_WARN_OBJC_LITERAL_CONVERSION = YES;
				CLANG_WARN_OBJC_ROOT_CLASS = YES_ERROR;
				CLANG_WARN_QUOTED_INCLUDE_IN_FRAMEWORK_HEADER = YES;
				CLANG_WARN_RANGE_LOOP_ANALYSIS = YES;
				CLANG_WARN_STRICT_PROTOTYPES = YES;
				CLANG_WARN_SUSPICIOUS_MOVE = YES;
				CLANG_WARN_UNGUARDED_AVAILABILITY = YES_AGGRESSIVE;
				CLANG_WARN_UNREACHABLE_CODE = YES;
				CLANG_WARN__DUPLICATE_METHOD_MATCH = YES;
				COPY_PHASE_STRIP = NO;
				DEBUG_INFORMATION_FORMAT = "dwarf-with-dsym";
				ENABLE_NS_ASSERTIONS = NO;
				ENABLE_STRICT_OBJC_MSGSEND = YES;
				GCC_C_LANGUAGE_STANDARD = gnu11;
				GCC_NO_COMMON_BLOCKS = YES;
				GCC_WARN_64_TO_32_BIT_CONVERSION = YES;
				GCC_WARN_ABOUT_RETURN_TYPE = YES_ERROR;
				GCC_WARN_UNDECLARED_SELECTOR = YES;
				GCC_WARN_UNINITIALIZED_AUTOS = YES_AGGRESSIVE;
				GCC_WARN_UNUSED_FUNCTION = YES;
				GCC_WARN_UNUSED_VARIABLE = YES;
				IPHONEOS_DEPLOYMENT_TARGET = 16.2;
				MTL_ENABLE_DEBUG_INFO = NO;
				MTL_FAST_MATH = YES;
				SDKROOT = iphoneos;
				SWIFT_COMPILATION_MODE = wholemodule;
				SWIFT_OPTIMIZATION_LEVEL = "-O";
				VALIDATE_PRODUCT = YES;
			};
			name = Release;
		};
		047EC6802A575961005C7B28 /* Debug */ = {
			isa = XCBuildConfiguration;
			buildSettings = {
				ASSETCATALOG_COMPILER_APPICON_NAME = AppIcon;
				ASSETCATALOG_COMPILER_GLOBAL_ACCENT_COLOR_NAME = AccentColor;
				CODE_SIGN_STYLE = Automatic;
				CURRENT_PROJECT_VERSION = 1;
				DEVELOPMENT_TEAM = XF64YXJ635;
				GENERATE_INFOPLIST_FILE = YES;
				INFOPLIST_FILE = MyPlaces/Info.plist;
				INFOPLIST_KEY_NSCameraUsageDescription = "$(PRODUCT_NAME) photo use";
				INFOPLIST_KEY_UIApplicationSupportsIndirectInputEvents = YES;
				INFOPLIST_KEY_UILaunchStoryboardName = LaunchScreen;
				INFOPLIST_KEY_UIMainStoryboardFile = Main;
				INFOPLIST_KEY_UISupportedInterfaceOrientations_iPad = "UIInterfaceOrientationPortrait UIInterfaceOrientationPortraitUpsideDown UIInterfaceOrientationLandscapeLeft UIInterfaceOrientationLandscapeRight";
				INFOPLIST_KEY_UISupportedInterfaceOrientations_iPhone = "UIInterfaceOrientationPortrait UIInterfaceOrientationLandscapeLeft UIInterfaceOrientationLandscapeRight";
				IPHONEOS_DEPLOYMENT_TARGET = 15.0;
				LD_RUNPATH_SEARCH_PATHS = (
					"$(inherited)",
					"@executable_path/Frameworks",
				);
				MARKETING_VERSION = 1.0;
				PRODUCT_BUNDLE_IDENTIFIER = Heorhii.MyPlaces;
				PRODUCT_NAME = "$(TARGET_NAME)";
				SWIFT_EMIT_LOC_STRINGS = YES;
				SWIFT_VERSION = 5.0;
				TARGETED_DEVICE_FAMILY = "1,2";
			};
			name = Debug;
		};
		047EC6812A575961005C7B28 /* Release */ = {
			isa = XCBuildConfiguration;
			buildSettings = {
				ASSETCATALOG_COMPILER_APPICON_NAME = AppIcon;
				ASSETCATALOG_COMPILER_GLOBAL_ACCENT_COLOR_NAME = AccentColor;
				CODE_SIGN_STYLE = Automatic;
				CURRENT_PROJECT_VERSION = 1;
				DEVELOPMENT_TEAM = XF64YXJ635;
				GENERATE_INFOPLIST_FILE = YES;
				INFOPLIST_FILE = MyPlaces/Info.plist;
				INFOPLIST_KEY_NSCameraUsageDescription = "$(PRODUCT_NAME) photo use";
				INFOPLIST_KEY_UIApplicationSupportsIndirectInputEvents = YES;
				INFOPLIST_KEY_UILaunchStoryboardName = LaunchScreen;
				INFOPLIST_KEY_UIMainStoryboardFile = Main;
				INFOPLIST_KEY_UISupportedInterfaceOrientations_iPad = "UIInterfaceOrientationPortrait UIInterfaceOrientationPortraitUpsideDown UIInterfaceOrientationLandscapeLeft UIInterfaceOrientationLandscapeRight";
				INFOPLIST_KEY_UISupportedInterfaceOrientations_iPhone = "UIInterfaceOrientationPortrait UIInterfaceOrientationLandscapeLeft UIInterfaceOrientationLandscapeRight";
				IPHONEOS_DEPLOYMENT_TARGET = 15.0;
				LD_RUNPATH_SEARCH_PATHS = (
					"$(inherited)",
					"@executable_path/Frameworks",
				);
				MARKETING_VERSION = 1.0;
				PRODUCT_BUNDLE_IDENTIFIER = Heorhii.MyPlaces;
				PRODUCT_NAME = "$(TARGET_NAME)";
				SWIFT_EMIT_LOC_STRINGS = YES;
				SWIFT_VERSION = 5.0;
				TARGETED_DEVICE_FAMILY = "1,2";
			};
			name = Release;
		};
/* End XCBuildConfiguration section */

/* Begin XCConfigurationList section */
		047EC6662A57595F005C7B28 /* Build configuration list for PBXProject "MyPlaces" */ = {
			isa = XCConfigurationList;
			buildConfigurations = (
				047EC67D2A575961005C7B28 /* Debug */,
				047EC67E2A575961005C7B28 /* Release */,
			);
			defaultConfigurationIsVisible = 0;
			defaultConfigurationName = Release;
		};
		047EC67F2A575961005C7B28 /* Build configuration list for PBXNativeTarget "MyPlaces" */ = {
			isa = XCConfigurationList;
			buildConfigurations = (
				047EC6802A575961005C7B28 /* Debug */,
				047EC6812A575961005C7B28 /* Release */,
			);
			defaultConfigurationIsVisible = 0;
			defaultConfigurationName = Release;
		};
/* End XCConfigurationList section */

/* Begin XCRemoteSwiftPackageReference section */
		04C6AE802A598FEA0060293F /* XCRemoteSwiftPackageReference "SnapKit" */ = {
			isa = XCRemoteSwiftPackageReference;
			repositoryURL = "https://github.com/SnapKit/SnapKit";
			requirement = {
				branch = develop;
				kind = branch;
			};
		};
/* End XCRemoteSwiftPackageReference section */

/* Begin XCSwiftPackageProductDependency section */
		04C6AE812A598FEA0060293F /* SnapKit */ = {
			isa = XCSwiftPackageProductDependency;
			package = 04C6AE802A598FEA0060293F /* XCRemoteSwiftPackageReference "SnapKit" */;
			productName = SnapKit;
		};
/* End XCSwiftPackageProductDependency section */
	};
	rootObject = 047EC6632A57595F005C7B28 /* Project object */;
}
